
Microsoft Visual Studio Solution File, Format Version 12.00
# Visual Studio Version 16
VisualStudioVersion = 16.0.29926.136
MinimumVisualStudioVersion = 10.0.40219.1
Project("{FAE04EC0-301F-11D3-BF4B-00C04F79EFBC}") = "PokedexAPI", "PokedexAPI\PokedexAPI.csproj", "{404A943C-6DB0-4162-8F2D-90A06A8763C0}"
EndProject
Global
	GlobalSection(SolutionConfigurationPlatforms) = preSolution
		Debug|Any CPU = Debug|Any CPU
		Release|Any CPU = Release|Any CPU
	EndGlobalSection
	GlobalSection(ProjectConfigurationPlatforms) = postSolution
		{404A943C-6DB0-4162-8F2D-90A06A8763C0}.Debug|Any CPU.ActiveCfg = Debug|Any CPU
		{404A943C-6DB0-4162-8F2D-90A06A8763C0}.Debug|Any CPU.Build.0 = Debug|Any CPU
		{404A943C-6DB0-4162-8F2D-90A06A8763C0}.Release|Any CPU.ActiveCfg = Release|Any CPU
		{404A943C-6DB0-4162-8F2D-90A06A8763C0}.Release|Any CPU.Build.0 = Release|Any CPU
	EndGlobalSection
	GlobalSection(SolutionProperties) = preSolution
		HideSolutionNode = FALSE
	EndGlobalSection
	GlobalSection(ExtensibilityGlobals) = postSolution
		SolutionGuid = {5AEF10AD-00CB-4989-BED8-93B16ABBE112}
	EndGlobalSection
EndGlobal
